// !$*UTF8*$!
{
	archiveVersion = 1;
	classes = {
	};
	objectVersion = 46;
	objects = {

/* Begin PBXBuildFile section */
		1A48B47617CA6CC300DF0BB6 /* JFCoreDataManager.m in Sources */ = {isa = PBXBuildFile; fileRef = 1A48B47517CA6CC300DF0BB6 /* JFCoreDataManager.m */; };
		1A48B47A17CA727300DF0BB6 /* JFNetworkObserver.m in Sources */ = {isa = PBXBuildFile; fileRef = 1A48B47917CA727300DF0BB6 /* JFNetworkObserver.m */; };
		1A48B47D17CA73BF00DF0BB6 /* Reachability.m in Sources */ = {isa = PBXBuildFile; fileRef = 1A48B47C17CA73BF00DF0BB6 /* Reachability.m */; settings = {COMPILER_FLAGS = "-fno-objc-arc"; }; };
		1A48B48317CA74DD00DF0BB6 /* SystemConfiguration.framework in Frameworks */ = {isa = PBXBuildFile; fileRef = 1A48B48217CA74DD00DF0BB6 /* SystemConfiguration.framework */; };
		1A48B49917CA78F700DF0BB6 /* AFHTTPClient.m in Sources */ = {isa = PBXBuildFile; fileRef = 1A48B48717CA78F700DF0BB6 /* AFHTTPClient.m */; };
		1A48B49A17CA78F700DF0BB6 /* AFHTTPRequestOperation.m in Sources */ = {isa = PBXBuildFile; fileRef = 1A48B48917CA78F700DF0BB6 /* AFHTTPRequestOperation.m */; };
		1A48B49B17CA78F700DF0BB6 /* AFImageRequestOperation.m in Sources */ = {isa = PBXBuildFile; fileRef = 1A48B48B17CA78F700DF0BB6 /* AFImageRequestOperation.m */; };
		1A48B49C17CA78F700DF0BB6 /* AFJSONRequestOperation.m in Sources */ = {isa = PBXBuildFile; fileRef = 1A48B48D17CA78F700DF0BB6 /* AFJSONRequestOperation.m */; };
		1A48B49D17CA78F700DF0BB6 /* AFNetworkActivityIndicatorManager.m in Sources */ = {isa = PBXBuildFile; fileRef = 1A48B48F17CA78F700DF0BB6 /* AFNetworkActivityIndicatorManager.m */; };
		1A48B49E17CA78F700DF0BB6 /* AFPropertyListRequestOperation.m in Sources */ = {isa = PBXBuildFile; fileRef = 1A48B49217CA78F700DF0BB6 /* AFPropertyListRequestOperation.m */; };
		1A48B49F17CA78F700DF0BB6 /* AFURLConnectionOperation.m in Sources */ = {isa = PBXBuildFile; fileRef = 1A48B49417CA78F700DF0BB6 /* AFURLConnectionOperation.m */; };
		1A48B4A017CA78F700DF0BB6 /* AFXMLRequestOperation.m in Sources */ = {isa = PBXBuildFile; fileRef = 1A48B49617CA78F700DF0BB6 /* AFXMLRequestOperation.m */; };
		1A48B4A117CA78F700DF0BB6 /* UIImageView+AFNetworking.m in Sources */ = {isa = PBXBuildFile; fileRef = 1A48B49817CA78F700DF0BB6 /* UIImageView+AFNetworking.m */; };
		1A48B4A317CA791100DF0BB6 /* MobileCoreServices.framework in Frameworks */ = {isa = PBXBuildFile; fileRef = 1A48B4A217CA791100DF0BB6 /* MobileCoreServices.framework */; };
		1A48B4A517CA792E00DF0BB6 /* Security.framework in Frameworks */ = {isa = PBXBuildFile; fileRef = 1A48B4A417CA792E00DF0BB6 /* Security.framework */; };
		1A48B4A917CA799E00DF0BB6 /* AFAppWebServiceClient.m in Sources */ = {isa = PBXBuildFile; fileRef = 1A48B4A817CA799E00DF0BB6 /* AFAppWebServiceClient.m */; };
		1A48B4AD17CA79EF00DF0BB6 /* AppDelegate.m in Sources */ = {isa = PBXBuildFile; fileRef = 1A48B4AC17CA79EF00DF0BB6 /* AppDelegate.m */; };
		1A48B4B417CA7C4A00DF0BB6 /* Base64.m in Sources */ = {isa = PBXBuildFile; fileRef = 1A48B4B317CA7C4A00DF0BB6 /* Base64.m */; };
		1A48B4C617CA7D3700DF0BB6 /* MPCJSONDataSerializer.m in Sources */ = {isa = PBXBuildFile; fileRef = 1A48B4B917CA7D3700DF0BB6 /* MPCJSONDataSerializer.m */; settings = {COMPILER_FLAGS = "-fno-objc-arc"; }; };
		1A48B4C717CA7D3700DF0BB6 /* MPCJSONSerializer.m in Sources */ = {isa = PBXBuildFile; fileRef = 1A48B4BB17CA7D3700DF0BB6 /* MPCJSONSerializer.m */; settings = {COMPILER_FLAGS = "-fno-objc-arc"; }; };
		1A48B4C817CA7D3700DF0BB6 /* MPCSerializedJSONData.m in Sources */ = {isa = PBXBuildFile; fileRef = 1A48B4BD17CA7D3700DF0BB6 /* MPCSerializedJSONData.m */; settings = {COMPILER_FLAGS = "-fno-objc-arc"; }; };
		1A48B4C917CA7D3700DF0BB6 /* NSData+MPBase64.m in Sources */ = {isa = PBXBuildFile; fileRef = 1A48B4C017CA7D3700DF0BB6 /* NSData+MPBase64.m */; settings = {COMPILER_FLAGS = "-fno-objc-arc"; }; };
		1A48B4CA17CA7D3700DF0BB6 /* ODIN.m in Sources */ = {isa = PBXBuildFile; fileRef = 1A48B4C317CA7D3700DF0BB6 /* ODIN.m */; settings = {COMPILER_FLAGS = "-fno-objc-arc"; }; };
		1A48B4CB17CA7D3700DF0BB6 /* Mixpanel.m in Sources */ = {isa = PBXBuildFile; fileRef = 1A48B4C517CA7D3700DF0BB6 /* Mixpanel.m */; settings = {COMPILER_FLAGS = "-fno-objc-arc"; }; };
		1A48B4CD17CA902800DF0BB6 /* CoreTelephony.framework in Frameworks */ = {isa = PBXBuildFile; fileRef = 1A48B4CC17CA902800DF0BB6 /* CoreTelephony.framework */; };
		1A48B4CF17CA904300DF0BB6 /* AdSupport.framework in Frameworks */ = {isa = PBXBuildFile; fileRef = 1A48B4CE17CA904200DF0BB6 /* AdSupport.framework */; };
		1A48B4D117CA975E00DF0BB6 /* gen-model.sh in Resources */ = {isa = PBXBuildFile; fileRef = 1A48B4D017CA975E00DF0BB6 /* gen-model.sh */; };
		1A48B4DD17CA9C5F00DF0BB6 /* My_Notes.xcdatamodeld in Sources */ = {isa = PBXBuildFile; fileRef = 1A48B4DB17CA9C5F00DF0BB6 /* My_Notes.xcdatamodeld */; };
		1A48B4E517CA9F7500DF0BB6 /* _Note.m in Sources */ = {isa = PBXBuildFile; fileRef = 1A48B4E217CA9F7500DF0BB6 /* _Note.m */; };
		1A48B4E617CA9F7500DF0BB6 /* _User.m in Sources */ = {isa = PBXBuildFile; fileRef = 1A48B4E417CA9F7500DF0BB6 /* _User.m */; };
		1A48B4EB17CAA04D00DF0BB6 /* Note.m in Sources */ = {isa = PBXBuildFile; fileRef = 1A48B4E817CAA04D00DF0BB6 /* Note.m */; };
		1A48B4EC17CAA04D00DF0BB6 /* User.m in Sources */ = {isa = PBXBuildFile; fileRef = 1A48B4EA17CAA04D00DF0BB6 /* User.m */; };
		1A48B4F017CABBCA00DF0BB6 /* TempUser.m in Sources */ = {isa = PBXBuildFile; fileRef = 1A48B4EF17CABBCA00DF0BB6 /* TempUser.m */; };
		1A48B4F317CABBE800DF0BB6 /* TempNote.m in Sources */ = {isa = PBXBuildFile; fileRef = 1A48B4F217CABBE700DF0BB6 /* TempNote.m */; };
		1A48B4F817CABF8C00DF0BB6 /* Environment.m in Sources */ = {isa = PBXBuildFile; fileRef = 1A48B4F617CABF8C00DF0BB6 /* Environment.m */; };
		1A48B4FB17CABFC100DF0BB6 /* SyncR.m in Sources */ = {isa = PBXBuildFile; fileRef = 1A48B4FA17CABFC100DF0BB6 /* SyncR.m */; };
		1A5A8D4017CC2BE500CBEAFB /* BaseNavigationController.m in Sources */ = {isa = PBXBuildFile; fileRef = 1A5A8D3F17CC2BE500CBEAFB /* BaseNavigationController.m */; };
		1A5A8D4417CC2DBD00CBEAFB /* NotesCollectionViewController.m in Sources */ = {isa = PBXBuildFile; fileRef = 1A5A8D4317CC2DBD00CBEAFB /* NotesCollectionViewController.m */; };
		1A5A8D4817CC2E1A00CBEAFB /* NotesCollectionViewCell.m in Sources */ = {isa = PBXBuildFile; fileRef = 1A5A8D4717CC2E1A00CBEAFB /* NotesCollectionViewCell.m */; };
		1A5EBA1E17CD77DB005B8935 /* QuartzCore.framework in Frameworks */ = {isa = PBXBuildFile; fileRef = 1A5EBA1D17CD77DB005B8935 /* QuartzCore.framework */; };
		1A5EBA2417CD7886005B8935 /* btn_sync_active.png in Resources */ = {isa = PBXBuildFile; fileRef = 1A5EBA2017CD7886005B8935 /* btn_sync_active.png */; };
		1A5EBA2517CD7886005B8935 /* btn_sync_active@2x.png in Resources */ = {isa = PBXBuildFile; fileRef = 1A5EBA2117CD7886005B8935 /* btn_sync_active@2x.png */; };
		1A5EBA2617CD7886005B8935 /* btn_sync_pressed.png in Resources */ = {isa = PBXBuildFile; fileRef = 1A5EBA2217CD7886005B8935 /* btn_sync_pressed.png */; };
		1A5EBA2717CD7886005B8935 /* btn_sync_pressed@2x.png in Resources */ = {isa = PBXBuildFile; fileRef = 1A5EBA2317CD7886005B8935 /* btn_sync_pressed@2x.png */; };
		1A5EBA2A17CD80EF005B8935 /* NewNoteViewController.m in Sources */ = {isa = PBXBuildFile; fileRef = 1A5EBA2917CD80EF005B8935 /* NewNoteViewController.m */; };
		1A5FEEFE17CA6943001F8A3B /* UIKit.framework in Frameworks */ = {isa = PBXBuildFile; fileRef = 1A5FEEFD17CA6943001F8A3B /* UIKit.framework */; };
		1A5FEF0017CA6943001F8A3B /* Foundation.framework in Frameworks */ = {isa = PBXBuildFile; fileRef = 1A5FEEFF17CA6943001F8A3B /* Foundation.framework */; };
		1A5FEF0217CA6943001F8A3B /* CoreGraphics.framework in Frameworks */ = {isa = PBXBuildFile; fileRef = 1A5FEF0117CA6943001F8A3B /* CoreGraphics.framework */; };
		1A5FEF0817CA6943001F8A3B /* InfoPlist.strings in Resources */ = {isa = PBXBuildFile; fileRef = 1A5FEF0617CA6943001F8A3B /* InfoPlist.strings */; };
		1A5FEF0A17CA6943001F8A3B /* main.m in Sources */ = {isa = PBXBuildFile; fileRef = 1A5FEF0917CA6943001F8A3B /* main.m */; };
		1A5FEF1017CA6943001F8A3B /* Default.png in Resources */ = {isa = PBXBuildFile; fileRef = 1A5FEF0F17CA6943001F8A3B /* Default.png */; };
		1A5FEF1217CA6943001F8A3B /* Default@2x.png in Resources */ = {isa = PBXBuildFile; fileRef = 1A5FEF1117CA6943001F8A3B /* Default@2x.png */; };
		1A5FEF1417CA6943001F8A3B /* Default-568h@2x.png in Resources */ = {isa = PBXBuildFile; fileRef = 1A5FEF1317CA6943001F8A3B /* Default-568h@2x.png */; };
		1A5FEF1717CA6943001F8A3B /* MainStoryboard.storyboard in Resources */ = {isa = PBXBuildFile; fileRef = 1A5FEF1517CA6943001F8A3B /* MainStoryboard.storyboard */; };
		1A5FEF2117CA6B99001F8A3B /* CoreData.framework in Frameworks */ = {isa = PBXBuildFile; fileRef = 1A5FEF2017CA6B99001F8A3B /* CoreData.framework */; };
/* End PBXBuildFile section */

/* Begin PBXFileReference section */
		1A48B47417CA6CC300DF0BB6 /* JFCoreDataManager.h */ = {isa = PBXFileReference; fileEncoding = 4; lastKnownFileType = sourcecode.c.h; path = JFCoreDataManager.h; sourceTree = "<group>"; };
		1A48B47517CA6CC300DF0BB6 /* JFCoreDataManager.m */ = {isa = PBXFileReference; fileEncoding = 4; lastKnownFileType = sourcecode.c.objc; path = JFCoreDataManager.m; sourceTree = "<group>"; };
		1A48B47817CA727300DF0BB6 /* JFNetworkObserver.h */ = {isa = PBXFileReference; fileEncoding = 4; lastKnownFileType = sourcecode.c.h; path = JFNetworkObserver.h; sourceTree = "<group>"; };
		1A48B47917CA727300DF0BB6 /* JFNetworkObserver.m */ = {isa = PBXFileReference; fileEncoding = 4; lastKnownFileType = sourcecode.c.objc; path = JFNetworkObserver.m; sourceTree = "<group>"; };
		1A48B47B17CA73BF00DF0BB6 /* Reachability.h */ = {isa = PBXFileReference; fileEncoding = 4; lastKnownFileType = sourcecode.c.h; path = Reachability.h; sourceTree = "<group>"; };
		1A48B47C17CA73BF00DF0BB6 /* Reachability.m */ = {isa = PBXFileReference; fileEncoding = 4; lastKnownFileType = sourcecode.c.objc; path = Reachability.m; sourceTree = "<group>"; };
		1A48B48217CA74DD00DF0BB6 /* SystemConfiguration.framework */ = {isa = PBXFileReference; lastKnownFileType = wrapper.framework; name = SystemConfiguration.framework; path = System/Library/Frameworks/SystemConfiguration.framework; sourceTree = SDKROOT; };
		1A48B48617CA78F700DF0BB6 /* AFHTTPClient.h */ = {isa = PBXFileReference; fileEncoding = 4; lastKnownFileType = sourcecode.c.h; path = AFHTTPClient.h; sourceTree = "<group>"; };
		1A48B48717CA78F700DF0BB6 /* AFHTTPClient.m */ = {isa = PBXFileReference; fileEncoding = 4; lastKnownFileType = sourcecode.c.objc; path = AFHTTPClient.m; sourceTree = "<group>"; };
		1A48B48817CA78F700DF0BB6 /* AFHTTPRequestOperation.h */ = {isa = PBXFileReference; fileEncoding = 4; lastKnownFileType = sourcecode.c.h; path = AFHTTPRequestOperation.h; sourceTree = "<group>"; };
		1A48B48917CA78F700DF0BB6 /* AFHTTPRequestOperation.m */ = {isa = PBXFileReference; fileEncoding = 4; lastKnownFileType = sourcecode.c.objc; path = AFHTTPRequestOperation.m; sourceTree = "<group>"; };
		1A48B48A17CA78F700DF0BB6 /* AFImageRequestOperation.h */ = {isa = PBXFileReference; fileEncoding = 4; lastKnownFileType = sourcecode.c.h; path = AFImageRequestOperation.h; sourceTree = "<group>"; };
		1A48B48B17CA78F700DF0BB6 /* AFImageRequestOperation.m */ = {isa = PBXFileReference; fileEncoding = 4; lastKnownFileType = sourcecode.c.objc; path = AFImageRequestOperation.m; sourceTree = "<group>"; };
		1A48B48C17CA78F700DF0BB6 /* AFJSONRequestOperation.h */ = {isa = PBXFileReference; fileEncoding = 4; lastKnownFileType = sourcecode.c.h; path = AFJSONRequestOperation.h; sourceTree = "<group>"; };
		1A48B48D17CA78F700DF0BB6 /* AFJSONRequestOperation.m */ = {isa = PBXFileReference; fileEncoding = 4; lastKnownFileType = sourcecode.c.objc; path = AFJSONRequestOperation.m; sourceTree = "<group>"; };
		1A48B48E17CA78F700DF0BB6 /* AFNetworkActivityIndicatorManager.h */ = {isa = PBXFileReference; fileEncoding = 4; lastKnownFileType = sourcecode.c.h; path = AFNetworkActivityIndicatorManager.h; sourceTree = "<group>"; };
		1A48B48F17CA78F700DF0BB6 /* AFNetworkActivityIndicatorManager.m */ = {isa = PBXFileReference; fileEncoding = 4; lastKnownFileType = sourcecode.c.objc; path = AFNetworkActivityIndicatorManager.m; sourceTree = "<group>"; };
		1A48B49017CA78F700DF0BB6 /* AFNetworking.h */ = {isa = PBXFileReference; fileEncoding = 4; lastKnownFileType = sourcecode.c.h; path = AFNetworking.h; sourceTree = "<group>"; };
		1A48B49117CA78F700DF0BB6 /* AFPropertyListRequestOperation.h */ = {isa = PBXFileReference; fileEncoding = 4; lastKnownFileType = sourcecode.c.h; path = AFPropertyListRequestOperation.h; sourceTree = "<group>"; };
		1A48B49217CA78F700DF0BB6 /* AFPropertyListRequestOperation.m */ = {isa = PBXFileReference; fileEncoding = 4; lastKnownFileType = sourcecode.c.objc; path = AFPropertyListRequestOperation.m; sourceTree = "<group>"; };
		1A48B49317CA78F700DF0BB6 /* AFURLConnectionOperation.h */ = {isa = PBXFileReference; fileEncoding = 4; lastKnownFileType = sourcecode.c.h; path = AFURLConnectionOperation.h; sourceTree = "<group>"; };
		1A48B49417CA78F700DF0BB6 /* AFURLConnectionOperation.m */ = {isa = PBXFileReference; fileEncoding = 4; lastKnownFileType = sourcecode.c.objc; path = AFURLConnectionOperation.m; sourceTree = "<group>"; };
		1A48B49517CA78F700DF0BB6 /* AFXMLRequestOperation.h */ = {isa = PBXFileReference; fileEncoding = 4; lastKnownFileType = sourcecode.c.h; path = AFXMLRequestOperation.h; sourceTree = "<group>"; };
		1A48B49617CA78F700DF0BB6 /* AFXMLRequestOperation.m */ = {isa = PBXFileReference; fileEncoding = 4; lastKnownFileType = sourcecode.c.objc; path = AFXMLRequestOperation.m; sourceTree = "<group>"; };
		1A48B49717CA78F700DF0BB6 /* UIImageView+AFNetworking.h */ = {isa = PBXFileReference; fileEncoding = 4; lastKnownFileType = sourcecode.c.h; path = "UIImageView+AFNetworking.h"; sourceTree = "<group>"; };
		1A48B49817CA78F700DF0BB6 /* UIImageView+AFNetworking.m */ = {isa = PBXFileReference; fileEncoding = 4; lastKnownFileType = sourcecode.c.objc; path = "UIImageView+AFNetworking.m"; sourceTree = "<group>"; };
		1A48B4A217CA791100DF0BB6 /* MobileCoreServices.framework */ = {isa = PBXFileReference; lastKnownFileType = wrapper.framework; name = MobileCoreServices.framework; path = System/Library/Frameworks/MobileCoreServices.framework; sourceTree = SDKROOT; };
		1A48B4A417CA792E00DF0BB6 /* Security.framework */ = {isa = PBXFileReference; lastKnownFileType = wrapper.framework; name = Security.framework; path = System/Library/Frameworks/Security.framework; sourceTree = SDKROOT; };
		1A48B4A717CA799E00DF0BB6 /* AFAppWebServiceClient.h */ = {isa = PBXFileReference; fileEncoding = 4; lastKnownFileType = sourcecode.c.h; path = AFAppWebServiceClient.h; sourceTree = "<group>"; };
		1A48B4A817CA799E00DF0BB6 /* AFAppWebServiceClient.m */ = {isa = PBXFileReference; fileEncoding = 4; lastKnownFileType = sourcecode.c.objc; path = AFAppWebServiceClient.m; sourceTree = "<group>"; };
		1A48B4AB17CA79EF00DF0BB6 /* AppDelegate.h */ = {isa = PBXFileReference; fileEncoding = 4; lastKnownFileType = sourcecode.c.h; path = AppDelegate.h; sourceTree = "<group>"; };
		1A48B4AC17CA79EF00DF0BB6 /* AppDelegate.m */ = {isa = PBXFileReference; fileEncoding = 4; lastKnownFileType = sourcecode.c.objc; path = AppDelegate.m; sourceTree = "<group>"; };
		1A48B4B217CA7C4A00DF0BB6 /* Base64.h */ = {isa = PBXFileReference; fileEncoding = 4; lastKnownFileType = sourcecode.c.h; path = Base64.h; sourceTree = "<group>"; };
		1A48B4B317CA7C4A00DF0BB6 /* Base64.m */ = {isa = PBXFileReference; fileEncoding = 4; lastKnownFileType = sourcecode.c.objc; path = Base64.m; sourceTree = "<group>"; };
		1A48B4B817CA7D3700DF0BB6 /* MPCJSONDataSerializer.h */ = {isa = PBXFileReference; fileEncoding = 4; lastKnownFileType = sourcecode.c.h; path = MPCJSONDataSerializer.h; sourceTree = "<group>"; };
		1A48B4B917CA7D3700DF0BB6 /* MPCJSONDataSerializer.m */ = {isa = PBXFileReference; fileEncoding = 4; lastKnownFileType = sourcecode.c.objc; path = MPCJSONDataSerializer.m; sourceTree = "<group>"; };
		1A48B4BA17CA7D3700DF0BB6 /* MPCJSONSerializer.h */ = {isa = PBXFileReference; fileEncoding = 4; lastKnownFileType = sourcecode.c.h; path = MPCJSONSerializer.h; sourceTree = "<group>"; };
		1A48B4BB17CA7D3700DF0BB6 /* MPCJSONSerializer.m */ = {isa = PBXFileReference; fileEncoding = 4; lastKnownFileType = sourcecode.c.objc; path = MPCJSONSerializer.m; sourceTree = "<group>"; };
		1A48B4BC17CA7D3700DF0BB6 /* MPCSerializedJSONData.h */ = {isa = PBXFileReference; fileEncoding = 4; lastKnownFileType = sourcecode.c.h; path = MPCSerializedJSONData.h; sourceTree = "<group>"; };
		1A48B4BD17CA7D3700DF0BB6 /* MPCSerializedJSONData.m */ = {isa = PBXFileReference; fileEncoding = 4; lastKnownFileType = sourcecode.c.objc; path = MPCSerializedJSONData.m; sourceTree = "<group>"; };
		1A48B4BF17CA7D3700DF0BB6 /* NSData+MPBase64.h */ = {isa = PBXFileReference; fileEncoding = 4; lastKnownFileType = sourcecode.c.h; path = "NSData+MPBase64.h"; sourceTree = "<group>"; };
		1A48B4C017CA7D3700DF0BB6 /* NSData+MPBase64.m */ = {isa = PBXFileReference; fileEncoding = 4; lastKnownFileType = sourcecode.c.objc; path = "NSData+MPBase64.m"; sourceTree = "<group>"; };
		1A48B4C217CA7D3700DF0BB6 /* ODIN.h */ = {isa = PBXFileReference; fileEncoding = 4; lastKnownFileType = sourcecode.c.h; path = ODIN.h; sourceTree = "<group>"; };
		1A48B4C317CA7D3700DF0BB6 /* ODIN.m */ = {isa = PBXFileReference; fileEncoding = 4; lastKnownFileType = sourcecode.c.objc; path = ODIN.m; sourceTree = "<group>"; };
		1A48B4C417CA7D3700DF0BB6 /* Mixpanel.h */ = {isa = PBXFileReference; fileEncoding = 4; lastKnownFileType = sourcecode.c.h; path = Mixpanel.h; sourceTree = "<group>"; };
		1A48B4C517CA7D3700DF0BB6 /* Mixpanel.m */ = {isa = PBXFileReference; fileEncoding = 4; lastKnownFileType = sourcecode.c.objc; path = Mixpanel.m; sourceTree = "<group>"; };
		1A48B4CC17CA902800DF0BB6 /* CoreTelephony.framework */ = {isa = PBXFileReference; lastKnownFileType = wrapper.framework; name = CoreTelephony.framework; path = System/Library/Frameworks/CoreTelephony.framework; sourceTree = SDKROOT; };
		1A48B4CE17CA904200DF0BB6 /* AdSupport.framework */ = {isa = PBXFileReference; lastKnownFileType = wrapper.framework; name = AdSupport.framework; path = System/Library/Frameworks/AdSupport.framework; sourceTree = SDKROOT; };
		1A48B4D017CA975E00DF0BB6 /* gen-model.sh */ = {isa = PBXFileReference; fileEncoding = 4; lastKnownFileType = text.script.sh; path = "gen-model.sh"; sourceTree = "<group>"; };
		1A48B4DC17CA9C5F00DF0BB6 /* My_Notes.xcdatamodel */ = {isa = PBXFileReference; lastKnownFileType = wrapper.xcdatamodel; path = My_Notes.xcdatamodel; sourceTree = "<group>"; };
		1A48B4E117CA9F7500DF0BB6 /* _Note.h */ = {isa = PBXFileReference; fileEncoding = 4; lastKnownFileType = sourcecode.c.h; path = _Note.h; sourceTree = "<group>"; };
		1A48B4E217CA9F7500DF0BB6 /* _Note.m */ = {isa = PBXFileReference; fileEncoding = 4; lastKnownFileType = sourcecode.c.objc; path = _Note.m; sourceTree = "<group>"; };
		1A48B4E317CA9F7500DF0BB6 /* _User.h */ = {isa = PBXFileReference; fileEncoding = 4; lastKnownFileType = sourcecode.c.h; path = _User.h; sourceTree = "<group>"; };
		1A48B4E417CA9F7500DF0BB6 /* _User.m */ = {isa = PBXFileReference; fileEncoding = 4; lastKnownFileType = sourcecode.c.objc; path = _User.m; sourceTree = "<group>"; };
		1A48B4E717CAA04D00DF0BB6 /* Note.h */ = {isa = PBXFileReference; fileEncoding = 4; lastKnownFileType = sourcecode.c.h; path = Note.h; sourceTree = "<group>"; };
		1A48B4E817CAA04D00DF0BB6 /* Note.m */ = {isa = PBXFileReference; fileEncoding = 4; lastKnownFileType = sourcecode.c.objc; path = Note.m; sourceTree = "<group>"; };
		1A48B4E917CAA04D00DF0BB6 /* User.h */ = {isa = PBXFileReference; fileEncoding = 4; lastKnownFileType = sourcecode.c.h; path = User.h; sourceTree = "<group>"; };
		1A48B4EA17CAA04D00DF0BB6 /* User.m */ = {isa = PBXFileReference; fileEncoding = 4; lastKnownFileType = sourcecode.c.objc; path = User.m; sourceTree = "<group>"; };
		1A48B4EE17CABBCA00DF0BB6 /* TempUser.h */ = {isa = PBXFileReference; fileEncoding = 4; lastKnownFileType = sourcecode.c.h; path = TempUser.h; sourceTree = "<group>"; };
		1A48B4EF17CABBCA00DF0BB6 /* TempUser.m */ = {isa = PBXFileReference; fileEncoding = 4; lastKnownFileType = sourcecode.c.objc; path = TempUser.m; sourceTree = "<group>"; };
		1A48B4F117CABBE700DF0BB6 /* TempNote.h */ = {isa = PBXFileReference; fileEncoding = 4; lastKnownFileType = sourcecode.c.h; path = TempNote.h; sourceTree = "<group>"; };
		1A48B4F217CABBE700DF0BB6 /* TempNote.m */ = {isa = PBXFileReference; fileEncoding = 4; lastKnownFileType = sourcecode.c.objc; path = TempNote.m; sourceTree = "<group>"; };
		1A48B4F517CABF8C00DF0BB6 /* Environment.h */ = {isa = PBXFileReference; fileEncoding = 4; lastKnownFileType = sourcecode.c.h; path = Environment.h; sourceTree = "<group>"; };
		1A48B4F617CABF8C00DF0BB6 /* Environment.m */ = {isa = PBXFileReference; fileEncoding = 4; lastKnownFileType = sourcecode.c.objc; path = Environment.m; sourceTree = "<group>"; };
		1A48B4F917CABFC100DF0BB6 /* SyncR.h */ = {isa = PBXFileReference; fileEncoding = 4; lastKnownFileType = sourcecode.c.h; path = SyncR.h; sourceTree = "<group>"; };
		1A48B4FA17CABFC100DF0BB6 /* SyncR.m */ = {isa = PBXFileReference; fileEncoding = 4; lastKnownFileType = sourcecode.c.objc; path = SyncR.m; sourceTree = "<group>"; };
		1A5A8D3E17CC2BE500CBEAFB /* BaseNavigationController.h */ = {isa = PBXFileReference; fileEncoding = 4; lastKnownFileType = sourcecode.c.h; path = BaseNavigationController.h; sourceTree = "<group>"; };
		1A5A8D3F17CC2BE500CBEAFB /* BaseNavigationController.m */ = {isa = PBXFileReference; fileEncoding = 4; lastKnownFileType = sourcecode.c.objc; path = BaseNavigationController.m; sourceTree = "<group>"; };
		1A5A8D4217CC2DBD00CBEAFB /* NotesCollectionViewController.h */ = {isa = PBXFileReference; fileEncoding = 4; lastKnownFileType = sourcecode.c.h; path = NotesCollectionViewController.h; sourceTree = "<group>"; };
		1A5A8D4317CC2DBD00CBEAFB /* NotesCollectionViewController.m */ = {isa = PBXFileReference; fileEncoding = 4; lastKnownFileType = sourcecode.c.objc; path = NotesCollectionViewController.m; sourceTree = "<group>"; };
		1A5A8D4617CC2E1A00CBEAFB /* NotesCollectionViewCell.h */ = {isa = PBXFileReference; fileEncoding = 4; lastKnownFileType = sourcecode.c.h; path = NotesCollectionViewCell.h; sourceTree = "<group>"; };
		1A5A8D4717CC2E1A00CBEAFB /* NotesCollectionViewCell.m */ = {isa = PBXFileReference; fileEncoding = 4; lastKnownFileType = sourcecode.c.objc; path = NotesCollectionViewCell.m; sourceTree = "<group>"; };
		1A5EBA1D17CD77DB005B8935 /* QuartzCore.framework */ = {isa = PBXFileReference; lastKnownFileType = wrapper.framework; name = QuartzCore.framework; path = System/Library/Frameworks/QuartzCore.framework; sourceTree = SDKROOT; };
		1A5EBA2017CD7886005B8935 /* btn_sync_active.png */ = {isa = PBXFileReference; lastKnownFileType = image.png; path = btn_sync_active.png; sourceTree = "<group>"; };
		1A5EBA2117CD7886005B8935 /* btn_sync_active@2x.png */ = {isa = PBXFileReference; lastKnownFileType = image.png; path = "btn_sync_active@2x.png"; sourceTree = "<group>"; };
		1A5EBA2217CD7886005B8935 /* btn_sync_pressed.png */ = {isa = PBXFileReference; lastKnownFileType = image.png; path = btn_sync_pressed.png; sourceTree = "<group>"; };
		1A5EBA2317CD7886005B8935 /* btn_sync_pressed@2x.png */ = {isa = PBXFileReference; lastKnownFileType = image.png; path = "btn_sync_pressed@2x.png"; sourceTree = "<group>"; };
		1A5EBA2817CD80EF005B8935 /* NewNoteViewController.h */ = {isa = PBXFileReference; fileEncoding = 4; lastKnownFileType = sourcecode.c.h; name = NewNoteViewController.h; path = "My Notes/Resources/NewNoteViewController.h"; sourceTree = SOURCE_ROOT; };
		1A5EBA2917CD80EF005B8935 /* NewNoteViewController.m */ = {isa = PBXFileReference; fileEncoding = 4; lastKnownFileType = sourcecode.c.objc; name = NewNoteViewController.m; path = "My Notes/Resources/NewNoteViewController.m"; sourceTree = SOURCE_ROOT; };
		1A5FEEFA17CA6943001F8A3B /* My Notes.app */ = {isa = PBXFileReference; explicitFileType = wrapper.application; includeInIndex = 0; path = "My Notes.app"; sourceTree = BUILT_PRODUCTS_DIR; };
		1A5FEEFD17CA6943001F8A3B /* UIKit.framework */ = {isa = PBXFileReference; lastKnownFileType = wrapper.framework; name = UIKit.framework; path = System/Library/Frameworks/UIKit.framework; sourceTree = SDKROOT; };
		1A5FEEFF17CA6943001F8A3B /* Foundation.framework */ = {isa = PBXFileReference; lastKnownFileType = wrapper.framework; name = Foundation.framework; path = System/Library/Frameworks/Foundation.framework; sourceTree = SDKROOT; };
		1A5FEF0117CA6943001F8A3B /* CoreGraphics.framework */ = {isa = PBXFileReference; lastKnownFileType = wrapper.framework; name = CoreGraphics.framework; path = System/Library/Frameworks/CoreGraphics.framework; sourceTree = SDKROOT; };
		1A5FEF0517CA6943001F8A3B /* My Notes-Info.plist */ = {isa = PBXFileReference; lastKnownFileType = text.plist.xml; path = "My Notes-Info.plist"; sourceTree = "<group>"; };
		1A5FEF0717CA6943001F8A3B /* en */ = {isa = PBXFileReference; lastKnownFileType = text.plist.strings; name = en; path = en.lproj/InfoPlist.strings; sourceTree = "<group>"; };
		1A5FEF0917CA6943001F8A3B /* main.m */ = {isa = PBXFileReference; lastKnownFileType = sourcecode.c.objc; path = main.m; sourceTree = "<group>"; };
		1A5FEF0B17CA6943001F8A3B /* My Notes-Prefix.pch */ = {isa = PBXFileReference; lastKnownFileType = sourcecode.c.h; path = "My Notes-Prefix.pch"; sourceTree = "<group>"; };
		1A5FEF0F17CA6943001F8A3B /* Default.png */ = {isa = PBXFileReference; lastKnownFileType = image.png; path = Default.png; sourceTree = "<group>"; };
		1A5FEF1117CA6943001F8A3B /* Default@2x.png */ = {isa = PBXFileReference; lastKnownFileType = image.png; path = "Default@2x.png"; sourceTree = "<group>"; };
		1A5FEF1317CA6943001F8A3B /* Default-568h@2x.png */ = {isa = PBXFileReference; lastKnownFileType = image.png; path = "Default-568h@2x.png"; sourceTree = "<group>"; };
		1A5FEF1617CA6943001F8A3B /* en */ = {isa = PBXFileReference; lastKnownFileType = file.storyboard; name = en; path = en.lproj/MainStoryboard.storyboard; sourceTree = "<group>"; };
		1A5FEF2017CA6B99001F8A3B /* CoreData.framework */ = {isa = PBXFileReference; lastKnownFileType = wrapper.framework; name = CoreData.framework; path = System/Library/Frameworks/CoreData.framework; sourceTree = SDKROOT; };
/* End PBXFileReference section */

/* Begin PBXFrameworksBuildPhase section */
		1A5FEEF717CA6943001F8A3B /* Frameworks */ = {
			isa = PBXFrameworksBuildPhase;
			buildActionMask = 2147483647;
			files = (
				1A5EBA1E17CD77DB005B8935 /* QuartzCore.framework in Frameworks */,
				1A48B4CF17CA904300DF0BB6 /* AdSupport.framework in Frameworks */,
				1A48B4CD17CA902800DF0BB6 /* CoreTelephony.framework in Frameworks */,
				1A48B4A517CA792E00DF0BB6 /* Security.framework in Frameworks */,
				1A48B4A317CA791100DF0BB6 /* MobileCoreServices.framework in Frameworks */,
				1A48B48317CA74DD00DF0BB6 /* SystemConfiguration.framework in Frameworks */,
				1A5FEF2117CA6B99001F8A3B /* CoreData.framework in Frameworks */,
				1A5FEEFE17CA6943001F8A3B /* UIKit.framework in Frameworks */,
				1A5FEF0017CA6943001F8A3B /* Foundation.framework in Frameworks */,
				1A5FEF0217CA6943001F8A3B /* CoreGraphics.framework in Frameworks */,
			);
			runOnlyForDeploymentPostprocessing = 0;
		};
/* End PBXFrameworksBuildPhase section */

/* Begin PBXGroup section */
		1A48B46B17CA6C2800DF0BB6 /* Models */ = {
			isa = PBXGroup;
			children = (
				1A48B4D017CA975E00DF0BB6 /* gen-model.sh */,
				1A48B4E017CA9F7500DF0BB6 /* Generated */,
				1A48B4DB17CA9C5F00DF0BB6 /* My_Notes.xcdatamodeld */,
				1A48B4E717CAA04D00DF0BB6 /* Note.h */,
				1A48B4E817CAA04D00DF0BB6 /* Note.m */,
				1A48B4E917CAA04D00DF0BB6 /* User.h */,
				1A48B4EA17CAA04D00DF0BB6 /* User.m */,
				1A48B4EE17CABBCA00DF0BB6 /* TempUser.h */,
				1A48B4EF17CABBCA00DF0BB6 /* TempUser.m */,
				1A48B4F117CABBE700DF0BB6 /* TempNote.h */,
				1A48B4F217CABBE700DF0BB6 /* TempNote.m */,
			);
			path = Models;
			sourceTree = "<group>";
		};
		1A48B46E17CA6C2800DF0BB6 /* View Controllers */ = {
			isa = PBXGroup;
			children = (
				1A5EBA2817CD80EF005B8935 /* NewNoteViewController.h */,
				1A5EBA2917CD80EF005B8935 /* NewNoteViewController.m */,
			);
			path = "View Controllers";
			sourceTree = "<group>";
		};
		1A48B47317CA6C9F00DF0BB6 /* Managers */ = {
			isa = PBXGroup;
			children = (
				1A48B47717CA727300DF0BB6 /* Network */,
				1A48B47417CA6CC300DF0BB6 /* JFCoreDataManager.h */,
				1A48B47517CA6CC300DF0BB6 /* JFCoreDataManager.m */,
			);
			path = Managers;
			sourceTree = "<group>";
		};
		1A48B47717CA727300DF0BB6 /* Network */ = {
			isa = PBXGroup;
			children = (
				1A48B47B17CA73BF00DF0BB6 /* Reachability.h */,
				1A48B47C17CA73BF00DF0BB6 /* Reachability.m */,
				1A48B47817CA727300DF0BB6 /* JFNetworkObserver.h */,
				1A48B47917CA727300DF0BB6 /* JFNetworkObserver.m */,
			);
			path = Network;
			sourceTree = "<group>";
		};
		1A48B48417CA78F700DF0BB6 /* Vendor */ = {
			isa = PBXGroup;
			children = (
				1A48B4B517CA7D3700DF0BB6 /* Mixpanel */,
				1A48B48517CA78F700DF0BB6 /* AFNetworking */,
			);
			path = Vendor;
			sourceTree = SOURCE_ROOT;
		};
		1A48B48517CA78F700DF0BB6 /* AFNetworking */ = {
			isa = PBXGroup;
			children = (
				1A48B48617CA78F700DF0BB6 /* AFHTTPClient.h */,
				1A48B48717CA78F700DF0BB6 /* AFHTTPClient.m */,
				1A48B48817CA78F700DF0BB6 /* AFHTTPRequestOperation.h */,
				1A48B48917CA78F700DF0BB6 /* AFHTTPRequestOperation.m */,
				1A48B48A17CA78F700DF0BB6 /* AFImageRequestOperation.h */,
				1A48B48B17CA78F700DF0BB6 /* AFImageRequestOperation.m */,
				1A48B48C17CA78F700DF0BB6 /* AFJSONRequestOperation.h */,
				1A48B48D17CA78F700DF0BB6 /* AFJSONRequestOperation.m */,
				1A48B48E17CA78F700DF0BB6 /* AFNetworkActivityIndicatorManager.h */,
				1A48B48F17CA78F700DF0BB6 /* AFNetworkActivityIndicatorManager.m */,
				1A48B49017CA78F700DF0BB6 /* AFNetworking.h */,
				1A48B49117CA78F700DF0BB6 /* AFPropertyListRequestOperation.h */,
				1A48B49217CA78F700DF0BB6 /* AFPropertyListRequestOperation.m */,
				1A48B49317CA78F700DF0BB6 /* AFURLConnectionOperation.h */,
				1A48B49417CA78F700DF0BB6 /* AFURLConnectionOperation.m */,
				1A48B49517CA78F700DF0BB6 /* AFXMLRequestOperation.h */,
				1A48B49617CA78F700DF0BB6 /* AFXMLRequestOperation.m */,
				1A48B49717CA78F700DF0BB6 /* UIImageView+AFNetworking.h */,
				1A48B49817CA78F700DF0BB6 /* UIImageView+AFNetworking.m */,
			);
			path = AFNetworking;
			sourceTree = "<group>";
		};
		1A48B4A617CA799E00DF0BB6 /* API Client */ = {
			isa = PBXGroup;
			children = (
				1A48B4A717CA799E00DF0BB6 /* AFAppWebServiceClient.h */,
				1A48B4A817CA799E00DF0BB6 /* AFAppWebServiceClient.m */,
			);
			path = "API Client";
			sourceTree = "<group>";
		};
		1A48B4AA17CA79EF00DF0BB6 /* Application */ = {
			isa = PBXGroup;
			children = (
				1A48B4F417CABF8C00DF0BB6 /* Environment */,
				1A48B4F717CABF8C00DF0BB6 /* Synchronization */,
				1A48B4AB17CA79EF00DF0BB6 /* AppDelegate.h */,
				1A48B4AC17CA79EF00DF0BB6 /* AppDelegate.m */,
				1A48B4B117CA7C4A00DF0BB6 /* Encryption */,
			);
			path = Application;
			sourceTree = "<group>";
		};
		1A48B4B117CA7C4A00DF0BB6 /* Encryption */ = {
			isa = PBXGroup;
			children = (
				1A48B4B217CA7C4A00DF0BB6 /* Base64.h */,
				1A48B4B317CA7C4A00DF0BB6 /* Base64.m */,
			);
			path = Encryption;
			sourceTree = "<group>";
		};
		1A48B4B517CA7D3700DF0BB6 /* Mixpanel */ = {
			isa = PBXGroup;
			children = (
				1A48B4B617CA7D3700DF0BB6 /* Library */,
				1A48B4C417CA7D3700DF0BB6 /* Mixpanel.h */,
				1A48B4C517CA7D3700DF0BB6 /* Mixpanel.m */,
			);
			path = Mixpanel;
			sourceTree = "<group>";
		};
		1A48B4B617CA7D3700DF0BB6 /* Library */ = {
			isa = PBXGroup;
			children = (
				1A48B4B717CA7D3700DF0BB6 /* JSON */,
				1A48B4BE17CA7D3700DF0BB6 /* NSData_Base64 */,
				1A48B4C117CA7D3700DF0BB6 /* ODIN */,
			);
			path = Library;
			sourceTree = "<group>";
		};
		1A48B4B717CA7D3700DF0BB6 /* JSON */ = {
			isa = PBXGroup;
			children = (
				1A48B4B817CA7D3700DF0BB6 /* MPCJSONDataSerializer.h */,
				1A48B4B917CA7D3700DF0BB6 /* MPCJSONDataSerializer.m */,
				1A48B4BA17CA7D3700DF0BB6 /* MPCJSONSerializer.h */,
				1A48B4BB17CA7D3700DF0BB6 /* MPCJSONSerializer.m */,
				1A48B4BC17CA7D3700DF0BB6 /* MPCSerializedJSONData.h */,
				1A48B4BD17CA7D3700DF0BB6 /* MPCSerializedJSONData.m */,
			);
			path = JSON;
			sourceTree = "<group>";
		};
		1A48B4BE17CA7D3700DF0BB6 /* NSData_Base64 */ = {
			isa = PBXGroup;
			children = (
				1A48B4BF17CA7D3700DF0BB6 /* NSData+MPBase64.h */,
				1A48B4C017CA7D3700DF0BB6 /* NSData+MPBase64.m */,
			);
			path = NSData_Base64;
			sourceTree = "<group>";
		};
		1A48B4C117CA7D3700DF0BB6 /* ODIN */ = {
			isa = PBXGroup;
			children = (
				1A48B4C217CA7D3700DF0BB6 /* ODIN.h */,
				1A48B4C317CA7D3700DF0BB6 /* ODIN.m */,
			);
			path = ODIN;
			sourceTree = "<group>";
		};
		1A48B4E017CA9F7500DF0BB6 /* Generated */ = {
			isa = PBXGroup;
			children = (
				1A48B4E117CA9F7500DF0BB6 /* _Note.h */,
				1A48B4E217CA9F7500DF0BB6 /* _Note.m */,
				1A48B4E317CA9F7500DF0BB6 /* _User.h */,
				1A48B4E417CA9F7500DF0BB6 /* _User.m */,
			);
			path = Generated;
			sourceTree = "<group>";
		};
		1A48B4F417CABF8C00DF0BB6 /* Environment */ = {
			isa = PBXGroup;
			children = (
				1A48B4F517CABF8C00DF0BB6 /* Environment.h */,
				1A48B4F617CABF8C00DF0BB6 /* Environment.m */,
			);
			path = Environment;
			sourceTree = "<group>";
		};
		1A48B4F717CABF8C00DF0BB6 /* Synchronization */ = {
			isa = PBXGroup;
			children = (
				1A48B4F917CABFC100DF0BB6 /* SyncR.h */,
				1A48B4FA17CABFC100DF0BB6 /* SyncR.m */,
			);
			path = Synchronization;
			sourceTree = "<group>";
		};
		1A5A8D3D17CC2BE500CBEAFB /* Navigation Controllers */ = {
			isa = PBXGroup;
			children = (
				1A5A8D3E17CC2BE500CBEAFB /* BaseNavigationController.h */,
				1A5A8D3F17CC2BE500CBEAFB /* BaseNavigationController.m */,
			);
			path = "Navigation Controllers";
			sourceTree = "<group>";
		};
		1A5A8D4117CC2D9500CBEAFB /* Collection View Controller */ = {
			isa = PBXGroup;
			children = (
				1A5A8D4517CC2DF700CBEAFB /* Collection View Item */,
				1A5A8D4217CC2DBD00CBEAFB /* NotesCollectionViewController.h */,
				1A5A8D4317CC2DBD00CBEAFB /* NotesCollectionViewController.m */,
			);
			path = "Collection View Controller";
			sourceTree = "<group>";
		};
		1A5A8D4517CC2DF700CBEAFB /* Collection View Item */ = {
			isa = PBXGroup;
			children = (
				1A5A8D4617CC2E1A00CBEAFB /* NotesCollectionViewCell.h */,
				1A5A8D4717CC2E1A00CBEAFB /* NotesCollectionViewCell.m */,
			);
			path = "Collection View Item";
			sourceTree = "<group>";
		};
		1A5EBA1F17CD7886005B8935 /* Resources */ = {
			isa = PBXGroup;
			children = (
				1A5EBA2017CD7886005B8935 /* btn_sync_active.png */,
				1A5EBA2117CD7886005B8935 /* btn_sync_active@2x.png */,
				1A5EBA2217CD7886005B8935 /* btn_sync_pressed.png */,
				1A5EBA2317CD7886005B8935 /* btn_sync_pressed@2x.png */,
			);
			path = Resources;
			sourceTree = "<group>";
		};
		1A5FEEF117CA6943001F8A3B = {
			isa = PBXGroup;
			children = (
				1A5FEF0317CA6943001F8A3B /* My Notes */,
				1A5FEEFC17CA6943001F8A3B /* Frameworks */,
				1A5FEEFB17CA6943001F8A3B /* Products */,
			);
			sourceTree = "<group>";
		};
		1A5FEEFB17CA6943001F8A3B /* Products */ = {
			isa = PBXGroup;
			children = (
				1A5FEEFA17CA6943001F8A3B /* My Notes.app */,
			);
			name = Products;
			sourceTree = "<group>";
		};
		1A5FEEFC17CA6943001F8A3B /* Frameworks */ = {
			isa = PBXGroup;
			children = (
				1A5EBA1D17CD77DB005B8935 /* QuartzCore.framework */,
				1A48B4CE17CA904200DF0BB6 /* AdSupport.framework */,
				1A48B4CC17CA902800DF0BB6 /* CoreTelephony.framework */,
				1A48B4A417CA792E00DF0BB6 /* Security.framework */,
				1A48B4A217CA791100DF0BB6 /* MobileCoreServices.framework */,
				1A48B48217CA74DD00DF0BB6 /* SystemConfiguration.framework */,
				1A5FEF2017CA6B99001F8A3B /* CoreData.framework */,
				1A5FEEFD17CA6943001F8A3B /* UIKit.framework */,
				1A5FEEFF17CA6943001F8A3B /* Foundation.framework */,
				1A5FEF0117CA6943001F8A3B /* CoreGraphics.framework */,
			);
			name = Frameworks;
			sourceTree = "<group>";
		};
		1A5FEF0317CA6943001F8A3B /* My Notes */ = {
			isa = PBXGroup;
			children = (
				1A48B4AA17CA79EF00DF0BB6 /* Application */,
				1A48B4A617CA799E00DF0BB6 /* API Client */,
				1A5A8D4117CC2D9500CBEAFB /* Collection View Controller */,
				1A48B47317CA6C9F00DF0BB6 /* Managers */,
				1A48B46B17CA6C2800DF0BB6 /* Models */,
				1A5A8D3D17CC2BE500CBEAFB /* Navigation Controllers */,
				1A5EBA1F17CD7886005B8935 /* Resources */,
				1A5FEF0417CA6943001F8A3B /* Supporting Files */,
				1A48B48417CA78F700DF0BB6 /* Vendor */,
				1A48B46E17CA6C2800DF0BB6 /* View Controllers */,
			);
			path = "My Notes";
			sourceTree = "<group>";
		};
		1A5FEF0417CA6943001F8A3B /* Supporting Files */ = {
			isa = PBXGroup;
			children = (
				1A5FEF1517CA6943001F8A3B /* MainStoryboard.storyboard */,
				1A5FEF0517CA6943001F8A3B /* My Notes-Info.plist */,
				1A5FEF0617CA6943001F8A3B /* InfoPlist.strings */,
				1A5FEF0917CA6943001F8A3B /* main.m */,
				1A5FEF0B17CA6943001F8A3B /* My Notes-Prefix.pch */,
				1A5FEF0F17CA6943001F8A3B /* Default.png */,
				1A5FEF1117CA6943001F8A3B /* Default@2x.png */,
				1A5FEF1317CA6943001F8A3B /* Default-568h@2x.png */,
			);
			name = "Supporting Files";
			sourceTree = "<group>";
		};
/* End PBXGroup section */

/* Begin PBXNativeTarget section */
		1A5FEEF917CA6943001F8A3B /* My Notes */ = {
			isa = PBXNativeTarget;
			buildConfigurationList = 1A5FEF1D17CA6943001F8A3B /* Build configuration list for PBXNativeTarget "My Notes" */;
			buildPhases = (
				1A5FEEF617CA6943001F8A3B /* Sources */,
				1A5FEEF717CA6943001F8A3B /* Frameworks */,
				1A5FEEF817CA6943001F8A3B /* Resources */,
			);
			buildRules = (
			);
			dependencies = (
			);
			name = "My Notes";
			productName = "My Notes";
			productReference = 1A5FEEFA17CA6943001F8A3B /* My Notes.app */;
			productType = "com.apple.product-type.application";
		};
/* End PBXNativeTarget section */

/* Begin PBXProject section */
		1A5FEEF217CA6943001F8A3B /* Project object */ = {
			isa = PBXProject;
			attributes = {
				LastUpgradeCheck = 0460;
				ORGANIZATIONNAME = jeremyfox;
			};
			buildConfigurationList = 1A5FEEF517CA6943001F8A3B /* Build configuration list for PBXProject "My Notes" */;
			compatibilityVersion = "Xcode 3.2";
			developmentRegion = English;
			hasScannedForEncodings = 0;
			knownRegions = (
				en,
			);
			mainGroup = 1A5FEEF117CA6943001F8A3B;
			productRefGroup = 1A5FEEFB17CA6943001F8A3B /* Products */;
			projectDirPath = "";
			projectRoot = "";
			targets = (
				1A5FEEF917CA6943001F8A3B /* My Notes */,
			);
		};
/* End PBXProject section */

/* Begin PBXResourcesBuildPhase section */
		1A5FEEF817CA6943001F8A3B /* Resources */ = {
			isa = PBXResourcesBuildPhase;
			buildActionMask = 2147483647;
			files = (
				1A5FEF0817CA6943001F8A3B /* InfoPlist.strings in Resources */,
				1A5FEF1017CA6943001F8A3B /* Default.png in Resources */,
				1A5FEF1217CA6943001F8A3B /* Default@2x.png in Resources */,
				1A5FEF1417CA6943001F8A3B /* Default-568h@2x.png in Resources */,
				1A5FEF1717CA6943001F8A3B /* MainStoryboard.storyboard in Resources */,
				1A48B4D117CA975E00DF0BB6 /* gen-model.sh in Resources */,
				1A5EBA2417CD7886005B8935 /* btn_sync_active.png in Resources */,
				1A5EBA2517CD7886005B8935 /* btn_sync_active@2x.png in Resources */,
				1A5EBA2617CD7886005B8935 /* btn_sync_pressed.png in Resources */,
				1A5EBA2717CD7886005B8935 /* btn_sync_pressed@2x.png in Resources */,
			);
			runOnlyForDeploymentPostprocessing = 0;
		};
/* End PBXResourcesBuildPhase section */

/* Begin PBXSourcesBuildPhase section */
		1A5FEEF617CA6943001F8A3B /* Sources */ = {
			isa = PBXSourcesBuildPhase;
			buildActionMask = 2147483647;
			files = (
				1A5FEF0A17CA6943001F8A3B /* main.m in Sources */,
				1A48B47617CA6CC300DF0BB6 /* JFCoreDataManager.m in Sources */,
				1A48B47A17CA727300DF0BB6 /* JFNetworkObserver.m in Sources */,
				1A48B47D17CA73BF00DF0BB6 /* Reachability.m in Sources */,
				1A48B49917CA78F700DF0BB6 /* AFHTTPClient.m in Sources */,
				1A48B49A17CA78F700DF0BB6 /* AFHTTPRequestOperation.m in Sources */,
				1A48B49B17CA78F700DF0BB6 /* AFImageRequestOperation.m in Sources */,
				1A48B49C17CA78F700DF0BB6 /* AFJSONRequestOperation.m in Sources */,
				1A48B49D17CA78F700DF0BB6 /* AFNetworkActivityIndicatorManager.m in Sources */,
				1A48B49E17CA78F700DF0BB6 /* AFPropertyListRequestOperation.m in Sources */,
				1A48B49F17CA78F700DF0BB6 /* AFURLConnectionOperation.m in Sources */,
				1A48B4A017CA78F700DF0BB6 /* AFXMLRequestOperation.m in Sources */,
				1A48B4A117CA78F700DF0BB6 /* UIImageView+AFNetworking.m in Sources */,
				1A48B4A917CA799E00DF0BB6 /* AFAppWebServiceClient.m in Sources */,
				1A48B4AD17CA79EF00DF0BB6 /* AppDelegate.m in Sources */,
				1A48B4B417CA7C4A00DF0BB6 /* Base64.m in Sources */,
				1A48B4C617CA7D3700DF0BB6 /* MPCJSONDataSerializer.m in Sources */,
				1A48B4C717CA7D3700DF0BB6 /* MPCJSONSerializer.m in Sources */,
				1A48B4C817CA7D3700DF0BB6 /* MPCSerializedJSONData.m in Sources */,
				1A48B4C917CA7D3700DF0BB6 /* NSData+MPBase64.m in Sources */,
				1A48B4CA17CA7D3700DF0BB6 /* ODIN.m in Sources */,
				1A48B4CB17CA7D3700DF0BB6 /* Mixpanel.m in Sources */,
				1A48B4DD17CA9C5F00DF0BB6 /* My_Notes.xcdatamodeld in Sources */,
				1A48B4E517CA9F7500DF0BB6 /* _Note.m in Sources */,
				1A48B4E617CA9F7500DF0BB6 /* _User.m in Sources */,
				1A48B4EB17CAA04D00DF0BB6 /* Note.m in Sources */,
				1A48B4EC17CAA04D00DF0BB6 /* User.m in Sources */,
				1A48B4F017CABBCA00DF0BB6 /* TempUser.m in Sources */,
				1A48B4F317CABBE800DF0BB6 /* TempNote.m in Sources */,
				1A48B4F817CABF8C00DF0BB6 /* Environment.m in Sources */,
				1A48B4FB17CABFC100DF0BB6 /* SyncR.m in Sources */,
				1A5A8D4017CC2BE500CBEAFB /* BaseNavigationController.m in Sources */,
				1A5A8D4417CC2DBD00CBEAFB /* NotesCollectionViewController.m in Sources */,
				1A5A8D4817CC2E1A00CBEAFB /* NotesCollectionViewCell.m in Sources */,
				1A5EBA2A17CD80EF005B8935 /* NewNoteViewController.m in Sources */,
			);
			runOnlyForDeploymentPostprocessing = 0;
		};
/* End PBXSourcesBuildPhase section */

/* Begin PBXVariantGroup section */
		1A5FEF0617CA6943001F8A3B /* InfoPlist.strings */ = {
			isa = PBXVariantGroup;
			children = (
				1A5FEF0717CA6943001F8A3B /* en */,
			);
			name = InfoPlist.strings;
			sourceTree = "<group>";
		};
		1A5FEF1517CA6943001F8A3B /* MainStoryboard.storyboard */ = {
			isa = PBXVariantGroup;
			children = (
				1A5FEF1617CA6943001F8A3B /* en */,
			);
			name = MainStoryboard.storyboard;
			sourceTree = "<group>";
		};
/* End PBXVariantGroup section */

/* Begin XCBuildConfiguration section */
		1A5FEF1B17CA6943001F8A3B /* Debug */ = {
			isa = XCBuildConfiguration;
			buildSettings = {
				ALWAYS_SEARCH_USER_PATHS = NO;
				CLANG_CXX_LANGUAGE_STANDARD = "gnu++0x";
				CLANG_CXX_LIBRARY = "libc++";
				CLANG_ENABLE_OBJC_ARC = YES;
				CLANG_WARN_CONSTANT_CONVERSION = YES;
				CLANG_WARN_EMPTY_BODY = YES;
				CLANG_WARN_ENUM_CONVERSION = YES;
				CLANG_WARN_INT_CONVERSION = YES;
				CLANG_WARN__DUPLICATE_METHOD_MATCH = YES;
				"CODE_SIGN_IDENTITY[sdk=iphoneos*]" = "iPhone Developer";
				COPY_PHASE_STRIP = NO;
				GCC_C_LANGUAGE_STANDARD = gnu99;
				GCC_DYNAMIC_NO_PIC = NO;
				GCC_OPTIMIZATION_LEVEL = 0;
				GCC_PREPROCESSOR_DEFINITIONS = (
					"DEBUG=1",
					"$(inherited)",
				);
				GCC_SYMBOLS_PRIVATE_EXTERN = NO;
				GCC_WARN_ABOUT_RETURN_TYPE = YES;
				GCC_WARN_UNINITIALIZED_AUTOS = YES;
				GCC_WARN_UNUSED_VARIABLE = YES;
				IPHONEOS_DEPLOYMENT_TARGET = 6.1;
				ONLY_ACTIVE_ARCH = YES;
				SDKROOT = iphoneos;
			};
			name = Debug;
		};
		1A5FEF1C17CA6943001F8A3B /* Release */ = {
			isa = XCBuildConfiguration;
			buildSettings = {
				ALWAYS_SEARCH_USER_PATHS = NO;
				CLANG_CXX_LANGUAGE_STANDARD = "gnu++0x";
				CLANG_CXX_LIBRARY = "libc++";
				CLANG_ENABLE_OBJC_ARC = YES;
				CLANG_WARN_CONSTANT_CONVERSION = YES;
				CLANG_WARN_EMPTY_BODY = YES;
				CLANG_WARN_ENUM_CONVERSION = YES;
				CLANG_WARN_INT_CONVERSION = YES;
				CLANG_WARN__DUPLICATE_METHOD_MATCH = YES;
				"CODE_SIGN_IDENTITY[sdk=iphoneos*]" = "iPhone Developer";
				COPY_PHASE_STRIP = YES;
				GCC_C_LANGUAGE_STANDARD = gnu99;
				GCC_WARN_ABOUT_RETURN_TYPE = YES;
				GCC_WARN_UNINITIALIZED_AUTOS = YES;
				GCC_WARN_UNUSED_VARIABLE = YES;
				IPHONEOS_DEPLOYMENT_TARGET = 6.1;
				OTHER_CFLAGS = "-DNS_BLOCK_ASSERTIONS=1";
				SDKROOT = iphoneos;
				VALIDATE_PRODUCT = YES;
			};
			name = Release;
		};
		1A5FEF1E17CA6943001F8A3B /* Debug */ = {
			isa = XCBuildConfiguration;
			buildSettings = {
				GCC_PRECOMPILE_PREFIX_HEADER = YES;
				GCC_PREFIX_HEADER = "My Notes/My Notes-Prefix.pch";
				INFOPLIST_FILE = "My Notes/My Notes-Info.plist";
				PRODUCT_NAME = "$(TARGET_NAME)";
				WRAPPER_EXTENSION = app;
			};
			name = Debug;
		};
		1A5FEF1F17CA6943001F8A3B /* Release */ = {
			isa = XCBuildConfiguration;
			buildSettings = {
				GCC_PRECOMPILE_PREFIX_HEADER = YES;
				GCC_PREFIX_HEADER = "My Notes/My Notes-Prefix.pch";
				INFOPLIST_FILE = "My Notes/My Notes-Info.plist";
				PRODUCT_NAME = "$(TARGET_NAME)";
				WRAPPER_EXTENSION = app;
			};
			name = Release;
		};
/* End XCBuildConfiguration section */

/* Begin XCConfigurationList section */
		1A5FEEF517CA6943001F8A3B /* Build configuration list for PBXProject "My Notes" */ = {
			isa = XCConfigurationList;
			buildConfigurations = (
				1A5FEF1B17CA6943001F8A3B /* Debug */,
				1A5FEF1C17CA6943001F8A3B /* Release */,
			);
			defaultConfigurationIsVisible = 0;
			defaultConfigurationName = Release;
		};
		1A5FEF1D17CA6943001F8A3B /* Build configuration list for PBXNativeTarget "My Notes" */ = {
			isa = XCConfigurationList;
			buildConfigurations = (
				1A5FEF1E17CA6943001F8A3B /* Debug */,
				1A5FEF1F17CA6943001F8A3B /* Release */,
			);
			defaultConfigurationIsVisible = 0;
			defaultConfigurationName = Release;
		};
/* End XCConfigurationList section */

/* Begin XCVersionGroup section */
		1A48B4DB17CA9C5F00DF0BB6 /* My_Notes.xcdatamodeld */ = {
			isa = XCVersionGroup;
			children = (
				1A48B4DC17CA9C5F00DF0BB6 /* My_Notes.xcdatamodel */,
			);
			currentVersion = 1A48B4DC17CA9C5F00DF0BB6 /* My_Notes.xcdatamodel */;
			path = My_Notes.xcdatamodeld;
			sourceTree = "<group>";
			versionGroupType = wrapper.xcdatamodel;
		};
/* End XCVersionGroup section */
	};
	rootObject = 1A5FEEF217CA6943001F8A3B /* Project object */;
}
